
Microsoft Visual Studio Solution File, Format Version 11.00
# Visual Studio 2010
Project("{FAE04EC0-301F-11D3-BF4B-00C04F79EFBC}") = "TPopup", "TPopup\TPopup.csproj", "{C40237E9-3C1F-4C0C-9669-204BA7FCAA91}"
EndProject
Project("{E24C65DC-7377-472B-9ABA-BC803B73C61A}") = "WebSite1", "WebSite1", "{F9F23337-EB98-4922-A22A-E2DC586E1AE3}"
	ProjectSection(WebsiteProperties) = preProject
		SccProjectName = "SAK"
		SccAuxPath = "SAK"
		SccLocalPath = "SAK"
		SccProvider = "SAK"
		TargetFrameworkMoniker = ".NETFramework,Version%3Dv4.0"
		ProjectReferences = "{C40237E9-3C1F-4C0C-9669-204BA7FCAA91}|Arquitetura.Web.WC.TPopup.dll;"
		Debug.AspNetCompiler.VirtualPath = "/WebSite1"
		Debug.AspNetCompiler.PhysicalPath = "WebSite1\"
		Debug.AspNetCompiler.TargetPath = "PrecompiledWeb\WebSite1\"
		Debug.AspNetCompiler.Updateable = "true"
		Debug.AspNetCompiler.ForceOverwrite = "true"
		Debug.AspNetCompiler.FixedNames = "false"
		Debug.AspNetCompiler.Debug = "True"
		Release.AspNetCompiler.VirtualPath = "/WebSite1"
		Release.AspNetCompiler.PhysicalPath = "WebSite1\"
		Release.AspNetCompiler.TargetPath = "PrecompiledWeb\WebSite1\"
		Release.AspNetCompiler.Updateable = "true"
		Release.AspNetCompiler.ForceOverwrite = "true"
		Release.AspNetCompiler.FixedNames = "false"
		Release.AspNetCompiler.Debug = "False"
		VWDPort = "29598"
		DefaultWebSiteLanguage = "Visual C#"
	EndProjectSection
EndProject
Global
	GlobalSection(TeamFoundationVersionControl) = preSolution
		SccNumberOfProjects = 3
		SccEnterpriseProvider = {4CA58AB2-18FA-4F8D-95D4-32DDF27D184C}
		SccTeamFoundationServer = http://crater:8080/tfs/defaultcollection
		SccLocalPath0 = .
		SccProjectUniqueName1 = TPopup\\TPopup.csproj
		SccProjectName1 = TPopup
		SccLocalPath1 = TPopup
		SccWebProject2 = true
		SccProjectUniqueName2 = WebSite1
		SccProjectName2 = WebSite1
		SccLocalPath2 = WebSite1
		SccProjectEnlistmentChoice2 = 2
	EndGlobalSection
	GlobalSection(SolutionConfigurationPlatforms) = preSolution
		Debug|Any CPU = Debug|Any CPU
		Release|Any CPU = Release|Any CPU
	EndGlobalSection
	GlobalSection(ProjectConfigurationPlatforms) = postSolution
		{C40237E9-3C1F-4C0C-9669-204BA7FCAA91}.Debug|Any CPU.ActiveCfg = Debug|Any CPU
		{C40237E9-3C1F-4C0C-9669-204BA7FCAA91}.Debug|Any CPU.Build.0 = Debug|Any CPU
		{C40237E9-3C1F-4C0C-9669-204BA7FCAA91}.Release|Any CPU.ActiveCfg = Release|Any CPU
		{C40237E9-3C1F-4C0C-9669-204BA7FCAA91}.Release|Any CPU.Build.0 = Release|Any CPU
		{F9F23337-EB98-4922-A22A-E2DC586E1AE3}.Debug|Any CPU.ActiveCfg = Debug|Any CPU
		{F9F23337-EB98-4922-A22A-E2DC586E1AE3}.Debug|Any CPU.Build.0 = Debug|Any CPU
		{F9F23337-EB98-4922-A22A-E2DC586E1AE3}.Release|Any CPU.ActiveCfg = Debug|Any CPU
	EndGlobalSection
	GlobalSection(SolutionProperties) = preSolution
		HideSolutionNode = FALSE
	EndGlobalSection
EndGlobal
