
Microsoft Visual Studio Solution File, Format Version 11.00
# Visual Studio 2010
Project("{FAE04EC0-301F-11D3-BF4B-00C04F79EFBC}") = "TGridView", "TGridView\TGridView.csproj", "{02734455-0481-4139-9569-FB67062F5421}"
EndProject
Project("{FAE04EC0-301F-11D3-BF4B-00C04F79EFBC}") = "WebApplication1", "WebApplication1\WebApplication1.csproj", "{3C3727EE-1491-4C64-BEA9-7FE844BAC18F}"
EndProject
Global
	GlobalSection(TeamFoundationVersionControl) = preSolution
		SccNumberOfProjects = 3
		SccEnterpriseProvider = {4CA58AB2-18FA-4F8D-95D4-32DDF27D184C}
		SccTeamFoundationServer = http://10.31.0.21:8080/tfs/defaultcollection
		SccLocalPath0 = .
		SccProjectUniqueName1 = TGridView\\TGridView.csproj
		SccProjectName1 = TGridView
		SccLocalPath1 = TGridView
		SccProjectUniqueName2 = WebApplication1\\WebApplication1.csproj
		SccProjectName2 = WebApplication1
		SccLocalPath2 = WebApplication1
	EndGlobalSection
	GlobalSection(SolutionConfigurationPlatforms) = preSolution
		Debug|Any CPU = Debug|Any CPU
		Release|Any CPU = Release|Any CPU
	EndGlobalSection
	GlobalSection(ProjectConfigurationPlatforms) = postSolution
		{02734455-0481-4139-9569-FB67062F5421}.Debug|Any CPU.ActiveCfg = Debug|Any CPU
		{02734455-0481-4139-9569-FB67062F5421}.Debug|Any CPU.Build.0 = Debug|Any CPU
		{02734455-0481-4139-9569-FB67062F5421}.Release|Any CPU.ActiveCfg = Release|Any CPU
		{02734455-0481-4139-9569-FB67062F5421}.Release|Any CPU.Build.0 = Release|Any CPU
		{3C3727EE-1491-4C64-BEA9-7FE844BAC18F}.Debug|Any CPU.ActiveCfg = Debug|Any CPU
		{3C3727EE-1491-4C64-BEA9-7FE844BAC18F}.Debug|Any CPU.Build.0 = Debug|Any CPU
		{3C3727EE-1491-4C64-BEA9-7FE844BAC18F}.Release|Any CPU.ActiveCfg = Release|Any CPU
		{3C3727EE-1491-4C64-BEA9-7FE844BAC18F}.Release|Any CPU.Build.0 = Release|Any CPU
	EndGlobalSection
	GlobalSection(SolutionProperties) = preSolution
		HideSolutionNode = FALSE
	EndGlobalSection
EndGlobal
