
Microsoft Visual Studio Solution File, Format Version 11.00
# Visual Studio 2010
Project("{FAE04EC0-301F-11D3-BF4B-00C04F79EFBC}") = "TUpdateProgress", "TUpdateProgress\TUpdateProgress.csproj", "{B8D01F79-8970-40A1-86CB-618723C84989}"
EndProject
Project("{FAE04EC0-301F-11D3-BF4B-00C04F79EFBC}") = "WebApplication1", "WebApplication1\WebApplication1.csproj", "{AEECA1E7-23E3-4840-84FD-30DF90E70A2D}"
EndProject
Global
	GlobalSection(TeamFoundationVersionControl) = preSolution
		SccNumberOfProjects = 3
		SccEnterpriseProvider = {4CA58AB2-18FA-4F8D-95D4-32DDF27D184C}
		SccTeamFoundationServer = http://10.31.0.21:8080/tfs/defaultcollection
		SccLocalPath0 = .
		SccProjectUniqueName1 = TUpdateProgress\\TUpdateProgress.csproj
		SccProjectName1 = TUpdateProgress
		SccLocalPath1 = TUpdateProgress
		SccProjectUniqueName2 = WebApplication1\\WebApplication1.csproj
		SccProjectName2 = WebApplication1
		SccLocalPath2 = WebApplication1
	EndGlobalSection
	GlobalSection(SolutionConfigurationPlatforms) = preSolution
		Debug|Any CPU = Debug|Any CPU
		Release|Any CPU = Release|Any CPU
	EndGlobalSection
	GlobalSection(ProjectConfigurationPlatforms) = postSolution
		{B8D01F79-8970-40A1-86CB-618723C84989}.Debug|Any CPU.ActiveCfg = Debug|Any CPU
		{B8D01F79-8970-40A1-86CB-618723C84989}.Debug|Any CPU.Build.0 = Debug|Any CPU
		{B8D01F79-8970-40A1-86CB-618723C84989}.Release|Any CPU.ActiveCfg = Release|Any CPU
		{B8D01F79-8970-40A1-86CB-618723C84989}.Release|Any CPU.Build.0 = Release|Any CPU
		{AEECA1E7-23E3-4840-84FD-30DF90E70A2D}.Debug|Any CPU.ActiveCfg = Debug|Any CPU
		{AEECA1E7-23E3-4840-84FD-30DF90E70A2D}.Debug|Any CPU.Build.0 = Debug|Any CPU
		{AEECA1E7-23E3-4840-84FD-30DF90E70A2D}.Release|Any CPU.ActiveCfg = Release|Any CPU
		{AEECA1E7-23E3-4840-84FD-30DF90E70A2D}.Release|Any CPU.Build.0 = Release|Any CPU
	EndGlobalSection
	GlobalSection(SolutionProperties) = preSolution
		HideSolutionNode = FALSE
	EndGlobalSection
EndGlobal
