
Microsoft Visual Studio Solution File, Format Version 11.00
# Visual Studio 2010
Project("{FAE04EC0-301F-11D3-BF4B-00C04F79EFBC}") = "TMultiBox", "TMultiBox\TMultiBox.csproj", "{ED9D53A0-12C1-49D4-A2D8-DD1BBC4BDF74}"
EndProject
Project("{FAE04EC0-301F-11D3-BF4B-00C04F79EFBC}") = "WebApplication1", "WebApplication1\WebApplication1.csproj", "{AE383A2E-FFC0-4C46-B2E9-38937F556148}"
EndProject
Global
	GlobalSection(TeamFoundationVersionControl) = preSolution
		SccNumberOfProjects = 3
		SccEnterpriseProvider = {4CA58AB2-18FA-4F8D-95D4-32DDF27D184C}
		SccTeamFoundationServer = http://10.31.0.21:8080/tfs/defaultcollection
		SccLocalPath0 = .
		SccProjectUniqueName1 = TMultiBox\\TMultiBox.csproj
		SccProjectName1 = TMultiBox
		SccLocalPath1 = TMultiBox
		SccProjectUniqueName2 = WebApplication1\\WebApplication1.csproj
		SccProjectName2 = WebApplication1
		SccLocalPath2 = WebApplication1
	EndGlobalSection
	GlobalSection(SolutionConfigurationPlatforms) = preSolution
		Debug|Any CPU = Debug|Any CPU
		Release|Any CPU = Release|Any CPU
	EndGlobalSection
	GlobalSection(ProjectConfigurationPlatforms) = postSolution
		{ED9D53A0-12C1-49D4-A2D8-DD1BBC4BDF74}.Debug|Any CPU.ActiveCfg = Debug|Any CPU
		{ED9D53A0-12C1-49D4-A2D8-DD1BBC4BDF74}.Debug|Any CPU.Build.0 = Debug|Any CPU
		{ED9D53A0-12C1-49D4-A2D8-DD1BBC4BDF74}.Release|Any CPU.ActiveCfg = Release|Any CPU
		{ED9D53A0-12C1-49D4-A2D8-DD1BBC4BDF74}.Release|Any CPU.Build.0 = Release|Any CPU
		{AE383A2E-FFC0-4C46-B2E9-38937F556148}.Debug|Any CPU.ActiveCfg = Debug|Any CPU
		{AE383A2E-FFC0-4C46-B2E9-38937F556148}.Debug|Any CPU.Build.0 = Debug|Any CPU
		{AE383A2E-FFC0-4C46-B2E9-38937F556148}.Release|Any CPU.ActiveCfg = Release|Any CPU
	EndGlobalSection
	GlobalSection(SolutionProperties) = preSolution
		HideSolutionNode = FALSE
	EndGlobalSection
EndGlobal
